
Microsoft Visual Studio Solution File, Format Version 12.00
Project("{FAE04EC0-301F-11D3-BF4B-00C04F79EFBC}") = "Ping tester", "Ping tester\Ping tester.csproj", "{5492F5D1-3F28-460C-B68F-469FCB415ECF}"
EndProject
Global
	GlobalSection(SolutionConfigurationPlatforms) = preSolution
		Debug|Any CPU = Debug|Any CPU
		Release|Any CPU = Release|Any CPU
	EndGlobalSection
	GlobalSection(ProjectConfigurationPlatforms) = postSolution
		{5492F5D1-3F28-460C-B68F-469FCB415ECF}.Debug|Any CPU.ActiveCfg = Debug|Any CPU
		{5492F5D1-3F28-460C-B68F-469FCB415ECF}.Debug|Any CPU.Build.0 = Debug|Any CPU
		{5492F5D1-3F28-460C-B68F-469FCB415ECF}.Release|Any CPU.ActiveCfg = Release|Any CPU
		{5492F5D1-3F28-460C-B68F-469FCB415ECF}.Release|Any CPU.Build.0 = Release|Any CPU
	EndGlobalSection
EndGlobal
